
Microsoft Visual Studio Solution File, Format Version 12.00
# 
Project("{FAE04EC0-301F-11D3-BF4B-00C04F79EFBC}") = "Domain", "Domain\Domain.csproj", "{6961E792-C9C5-451E-B30C-DBBDF89D6A3A}"
EndProject
Project("{FAE04EC0-301F-11D3-BF4B-00C04F79EFBC}") = "Application", "Application\Application.csproj", "{02F1BD34-EF8A-4D1D-A51D-69170B08FE1F}"
EndProject
Project("{FAE04EC0-301F-11D3-BF4B-00C04F79EFBC}") = "Infra", "Infra\Infra.csproj", "{75141230-A6BF-44C8-84D1-A7EB2E0C0556}"
EndProject
Project("{FAE04EC0-301F-11D3-BF4B-00C04F79EFBC}") = "Listener", "Listener\Listener.csproj", "{8C7BBA04-B23B-4455-A1F3-8449147F486C}"
EndProject
Project("{FAE04EC0-301F-11D3-BF4B-00C04F79EFBC}") = "Api", "Api\Api.csproj", "{B27578A9-19A7-4677-B9C1-41048793099A}"
EndProject
Project("{FAE04EC0-301F-11D3-BF4B-00C04F79EFBC}") = "StressTest", "StressTest\StressTest.csproj", "{ACE85E37-D394-4A36-8E92-BC05538D1637}"
EndProject
Global
	GlobalSection(SolutionConfigurationPlatforms) = preSolution
		Debug|Any CPU = Debug|Any CPU
		Release|Any CPU = Release|Any CPU
	EndGlobalSection
	GlobalSection(ProjectConfigurationPlatforms) = postSolution
		{6961E792-C9C5-451E-B30C-DBBDF89D6A3A}.Debug|Any CPU.ActiveCfg = Debug|Any CPU
		{6961E792-C9C5-451E-B30C-DBBDF89D6A3A}.Debug|Any CPU.Build.0 = Debug|Any CPU
		{6961E792-C9C5-451E-B30C-DBBDF89D6A3A}.Release|Any CPU.ActiveCfg = Release|Any CPU
		{6961E792-C9C5-451E-B30C-DBBDF89D6A3A}.Release|Any CPU.Build.0 = Release|Any CPU
		{02F1BD34-EF8A-4D1D-A51D-69170B08FE1F}.Debug|Any CPU.ActiveCfg = Debug|Any CPU
		{02F1BD34-EF8A-4D1D-A51D-69170B08FE1F}.Debug|Any CPU.Build.0 = Debug|Any CPU
		{02F1BD34-EF8A-4D1D-A51D-69170B08FE1F}.Release|Any CPU.ActiveCfg = Release|Any CPU
		{02F1BD34-EF8A-4D1D-A51D-69170B08FE1F}.Release|Any CPU.Build.0 = Release|Any CPU
		{75141230-A6BF-44C8-84D1-A7EB2E0C0556}.Debug|Any CPU.ActiveCfg = Debug|Any CPU
		{75141230-A6BF-44C8-84D1-A7EB2E0C0556}.Debug|Any CPU.Build.0 = Debug|Any CPU
		{75141230-A6BF-44C8-84D1-A7EB2E0C0556}.Release|Any CPU.ActiveCfg = Release|Any CPU
		{75141230-A6BF-44C8-84D1-A7EB2E0C0556}.Release|Any CPU.Build.0 = Release|Any CPU
		{8C7BBA04-B23B-4455-A1F3-8449147F486C}.Debug|Any CPU.ActiveCfg = Debug|Any CPU
		{8C7BBA04-B23B-4455-A1F3-8449147F486C}.Debug|Any CPU.Build.0 = Debug|Any CPU
		{8C7BBA04-B23B-4455-A1F3-8449147F486C}.Release|Any CPU.ActiveCfg = Release|Any CPU
		{8C7BBA04-B23B-4455-A1F3-8449147F486C}.Release|Any CPU.Build.0 = Release|Any CPU
		{B27578A9-19A7-4677-B9C1-41048793099A}.Debug|Any CPU.ActiveCfg = Debug|Any CPU
		{B27578A9-19A7-4677-B9C1-41048793099A}.Debug|Any CPU.Build.0 = Debug|Any CPU
		{B27578A9-19A7-4677-B9C1-41048793099A}.Release|Any CPU.ActiveCfg = Release|Any CPU
		{B27578A9-19A7-4677-B9C1-41048793099A}.Release|Any CPU.Build.0 = Release|Any CPU
		{ACE85E37-D394-4A36-8E92-BC05538D1637}.Debug|Any CPU.ActiveCfg = Debug|Any CPU
		{ACE85E37-D394-4A36-8E92-BC05538D1637}.Debug|Any CPU.Build.0 = Debug|Any CPU
		{ACE85E37-D394-4A36-8E92-BC05538D1637}.Release|Any CPU.ActiveCfg = Release|Any CPU
		{ACE85E37-D394-4A36-8E92-BC05538D1637}.Release|Any CPU.Build.0 = Release|Any CPU
	EndGlobalSection
EndGlobal
